<Solution>
  <Folder Name="/src/">
    <Project Path="src/DenHost/DenHost.csproj" />
    <Project Path="src/DenHost.Harness/DenHost.Harness.csproj" />
    <Project Path="src/DenHost.Harness.Modules.Hermes/DenHost.Harness.Modules.Hermes.csproj" />
  </Folder>
  <Folder Name="/tests/">
    <Project Path="tests/DenHost.Tests/DenHost.Tests.csproj" />
  </Folder>
</Solution>
